# generated by rye
# use `rye lock` or `rye sync` to update this lockfile
#
# last locked with the following flags:
#   pre: false
#   features: []
#   all-features: false
#   with-sources: false
#   generate-hashes: false

-e file:.
contourpy==1.2.1
    # via matplotlib
cycler==0.12.1
    # via matplotlib
filelock==3.14.0
    # via torch
fonttools==4.51.0
    # via matplotlib
fsspec==2024.5.0
    # via torch
intel-openmp==2021.4.0
    # via mkl
jinja2==3.1.4
    # via torch
joblib==1.4.2
    # via scikit-learn
kiwisolver==1.4.5
    # via matplotlib
markupsafe==2.1.5
    # via jinja2
matplotlib==3.9.0
    # via categorize-pic
mkl==2021.4.0
    # via torch
mpmath==1.3.0
    # via sympy
networkx==3.3
    # via torch
numpy==1.26.4
    # via categorize-pic
    # via contourpy
    # via matplotlib
    # via scikit-learn
    # via scipy
packaging==24.0
    # via matplotlib
pillow==10.3.0
    # via matplotlib
pyparsing==3.1.2
    # via matplotlib
python-dateutil==2.9.0.post0
    # via matplotlib
scikit-learn==1.5.0
    # via categorize-pic
scipy==1.13.0
    # via scikit-learn
six==1.16.0
    # via python-dateutil
sympy==1.12
    # via torch
tbb==2021.12.0
    # via mkl
threadpoolctl==3.5.0
    # via scikit-learn
torch==2.3.0
    # via categorize-pic
typing-extensions==4.11.0
    # via torch
